# This file is generated by running "yarn install" inside your project.
# Manual changes might be lost - proceed with caution!

__metadata:
  version: 4
  cacheKey: 7

"@wordquest/tsconfig@npm:^1.0.3":
  version: 1.0.3
  resolution: "@wordquest/tsconfig@npm:1.0.3"
  checksum: 5cc4f8df215990e5cbaab28732f4802b794a2814b203656bfc88b9b8adf34210f5a5e7b0dcb731d528d753ee47e396b3ba910f26ee3fc2b39a8f1b0d05b6654a
  languageName: node
  linkType: hard

"pedialab.io@workspace:.":
  version: 0.0.0-use.local
  resolution: "pedialab.io@workspace:."
  dependencies:
    "@wordquest/tsconfig": ^1.0.3
  languageName: unknown
  linkType: soft
